
Microsoft Visual Studio Solution File, Format Version 12.00
# Visual Studio Version 16
VisualStudioVersion = 16.0.30309.148
MinimumVisualStudioVersion = 10.0.40219.1
Project("{FAE04EC0-301F-11D3-BF4B-00C04F79EFBC}") = "EmiEvent", "EmiEvent\EmiEvent.csproj", "{85056C1A-70F5-464B-9AD9-4373AD1A8272}"
EndProject
Project("{FAE04EC0-301F-11D3-BF4B-00C04F79EFBC}") = "DATOS", "DATOS\DATOS.csproj", "{B40DEFDC-024A-4C6E-B17A-61E06519C5D9}"
EndProject
Project("{FAE04EC0-301F-11D3-BF4B-00C04F79EFBC}") = "NEGOCIOS", "NEGOCIOS\NEGOCIOS.csproj", "{19669BA6-97FB-4F48-BC1E-753DFE049CFA}"
EndProject
Global
	GlobalSection(SolutionConfigurationPlatforms) = preSolution
		Debug|Any CPU = Debug|Any CPU
		Release|Any CPU = Release|Any CPU
	EndGlobalSection
	GlobalSection(ProjectConfigurationPlatforms) = postSolution
		{85056C1A-70F5-464B-9AD9-4373AD1A8272}.Debug|Any CPU.ActiveCfg = Debug|Any CPU
		{85056C1A-70F5-464B-9AD9-4373AD1A8272}.Debug|Any CPU.Build.0 = Debug|Any CPU
		{85056C1A-70F5-464B-9AD9-4373AD1A8272}.Release|Any CPU.ActiveCfg = Release|Any CPU
		{85056C1A-70F5-464B-9AD9-4373AD1A8272}.Release|Any CPU.Build.0 = Release|Any CPU
		{B40DEFDC-024A-4C6E-B17A-61E06519C5D9}.Debug|Any CPU.ActiveCfg = Debug|Any CPU
		{B40DEFDC-024A-4C6E-B17A-61E06519C5D9}.Debug|Any CPU.Build.0 = Debug|Any CPU
		{B40DEFDC-024A-4C6E-B17A-61E06519C5D9}.Release|Any CPU.ActiveCfg = Release|Any CPU
		{B40DEFDC-024A-4C6E-B17A-61E06519C5D9}.Release|Any CPU.Build.0 = Release|Any CPU
		{19669BA6-97FB-4F48-BC1E-753DFE049CFA}.Debug|Any CPU.ActiveCfg = Debug|Any CPU
		{19669BA6-97FB-4F48-BC1E-753DFE049CFA}.Debug|Any CPU.Build.0 = Debug|Any CPU
		{19669BA6-97FB-4F48-BC1E-753DFE049CFA}.Release|Any CPU.ActiveCfg = Release|Any CPU
		{19669BA6-97FB-4F48-BC1E-753DFE049CFA}.Release|Any CPU.Build.0 = Release|Any CPU
	EndGlobalSection
	GlobalSection(SolutionProperties) = preSolution
		HideSolutionNode = FALSE
	EndGlobalSection
	GlobalSection(ExtensibilityGlobals) = postSolution
		SolutionGuid = {1EE4EC54-73C4-4D4B-9BD5-D9F7C6E283A9}
	EndGlobalSection
EndGlobal
